{
   "name": "iap-domain",
   "version": "0.0.4",
   "lockfileVersion": 1,
   "requires": true,
   "dependencies": {
      "typescript": {
         "version": "3.3.3333",
         "resolved": "https://ins-aue1-artifactory-01.bmasked.info:443/artifactory/api/npm/npm-dev/typescript/-/typescript-3.3.3333.tgz",
         "integrity": "sha1-FxssWvZsWelDEZkRejvK3Gb9z9Y=",
         "dev": true
      }
   }
}
